{
    "_meta": {
        "hash": {
            "sha256": "c9bd11e48267d315e7a76d000646ef0edc19e5cb8e04a7051a93c17f567aadba"
        },
        "pipfile-spec": 6,
        "requires": {
            "python_version": "2.7"
        },
        "sources": [
            {
                "name": "pypi",
                "url": "https://pypi.org/simple",
                "verify_ssl": true
            }
        ]
    },
    "default": {
        "dictdiffer": {
            "hashes": [
                "sha256:6de9370f3c0c7fb5cc8bdc9e10dbca6ff05c39d8e2e58a67eb98d32677a224ca",
                "sha256:e4f94167d037f70c11c6a8e7e289d81c8c7117bc02132cd82a0ab8fcba43cc08"
            ],
            "index": "pypi",
            "version": "==0.7.1"
        }
    },
    "develop": {}
}
